
Microsoft Visual Studio Solution File, Format Version 12.00
# Visual Studio 15
VisualStudioVersion = 15.0.26430.14
MinimumVisualStudioVersion = 10.0.40219.1
Project("{FAE04EC0-301F-11D3-BF4B-00C04F79EFBC}") = "Nuvers", "Nuvers\Nuvers.csproj", "{FFB01003-1C82-4C43-BBE5-0F64CDCC0386}"
EndProject
Global
	GlobalSection(SolutionConfigurationPlatforms) = preSolution
		Debug|Any CPU = Debug|Any CPU
		Release|Any CPU = Release|Any CPU
	EndGlobalSection
	GlobalSection(ProjectConfigurationPlatforms) = postSolution
		{FFB01003-1C82-4C43-BBE5-0F64CDCC0386}.Debug|Any CPU.ActiveCfg = Debug|Any CPU
		{FFB01003-1C82-4C43-BBE5-0F64CDCC0386}.Debug|Any CPU.Build.0 = Debug|Any CPU
		{FFB01003-1C82-4C43-BBE5-0F64CDCC0386}.Release|Any CPU.ActiveCfg = Release|Any CPU
		{FFB01003-1C82-4C43-BBE5-0F64CDCC0386}.Release|Any CPU.Build.0 = Release|Any CPU
	EndGlobalSection
	GlobalSection(SolutionProperties) = preSolution
		HideSolutionNode = FALSE
	EndGlobalSection
EndGlobal
